
Microsoft Visual Studio Solution File, Format Version 12.00
# Visual Studio Version 16
VisualStudioVersion = 16.0.29905.134
MinimumVisualStudioVersion = 10.0.40219.1
Project("{FAE04EC0-301F-11D3-BF4B-00C04F79EFBC}") = "projeto_cadastro", "projeto_cadastro\projeto_cadastro.csproj", "{99309179-F72E-4270-8339-56921C50F6EE}"
EndProject
Global
	GlobalSection(SolutionConfigurationPlatforms) = preSolution
		Debug|Any CPU = Debug|Any CPU
		Release|Any CPU = Release|Any CPU
	EndGlobalSection
	GlobalSection(ProjectConfigurationPlatforms) = postSolution
		{99309179-F72E-4270-8339-56921C50F6EE}.Debug|Any CPU.ActiveCfg = Debug|Any CPU
		{99309179-F72E-4270-8339-56921C50F6EE}.Debug|Any CPU.Build.0 = Debug|Any CPU
		{99309179-F72E-4270-8339-56921C50F6EE}.Release|Any CPU.ActiveCfg = Release|Any CPU
		{99309179-F72E-4270-8339-56921C50F6EE}.Release|Any CPU.Build.0 = Release|Any CPU
	EndGlobalSection
	GlobalSection(SolutionProperties) = preSolution
		HideSolutionNode = FALSE
	EndGlobalSection
	GlobalSection(ExtensibilityGlobals) = postSolution
		SolutionGuid = {8D78B940-277A-4644-B447-8712FA52D9D2}
	EndGlobalSection
EndGlobal
